
Microsoft Visual Studio Solution File, Format Version 12.00
Project("{FAE04EC0-301F-11D3-BF4B-00C04F79EFBC}") = "HexagonTestApi", "HexagonTestApi\HexagonTestApi.csproj", "{CDDE9ED7-C6FE-4659-AC97-2072711C040C}"
EndProject
Global
	GlobalSection(SolutionConfigurationPlatforms) = preSolution
		Debug|Any CPU = Debug|Any CPU
		Release|Any CPU = Release|Any CPU
	EndGlobalSection
	GlobalSection(ProjectConfigurationPlatforms) = postSolution
		{CDDE9ED7-C6FE-4659-AC97-2072711C040C}.Debug|Any CPU.ActiveCfg = Debug|Any CPU
		{CDDE9ED7-C6FE-4659-AC97-2072711C040C}.Debug|Any CPU.Build.0 = Debug|Any CPU
		{CDDE9ED7-C6FE-4659-AC97-2072711C040C}.Release|Any CPU.ActiveCfg = Release|Any CPU
		{CDDE9ED7-C6FE-4659-AC97-2072711C040C}.Release|Any CPU.Build.0 = Release|Any CPU
	EndGlobalSection
EndGlobal
